
Microsoft Visual Studio Solution File, Format Version 12.00
# Visual Studio Version 17
VisualStudioVersion = 17.2.32630.192
MinimumVisualStudioVersion = 10.0.40219.1
Project("{FAE04EC0-301F-11D3-BF4B-00C04F79EFBC}") = "ChuckNorrisDB", "ChuckNorrisDB.csproj", "{991F3411-DAD1-4384-A455-2501CF5184C0}"
EndProject
Project("{FAE04EC0-301F-11D3-BF4B-00C04F79EFBC}") = "ChuckNorrisClassLibrary", "..\ChuckNorrisClassLibrary\ChuckNorrisClassLibrary.csproj", "{A5E0D95B-4849-42E6-A897-1552A6C8D120}"
EndProject
Global
	GlobalSection(SolutionConfigurationPlatforms) = preSolution
		Debug|Any CPU = Debug|Any CPU
		Release|Any CPU = Release|Any CPU
	EndGlobalSection
	GlobalSection(ProjectConfigurationPlatforms) = postSolution
		{991F3411-DAD1-4384-A455-2501CF5184C0}.Debug|Any CPU.ActiveCfg = Debug|Any CPU
		{991F3411-DAD1-4384-A455-2501CF5184C0}.Debug|Any CPU.Build.0 = Debug|Any CPU
		{991F3411-DAD1-4384-A455-2501CF5184C0}.Release|Any CPU.ActiveCfg = Release|Any CPU
		{991F3411-DAD1-4384-A455-2501CF5184C0}.Release|Any CPU.Build.0 = Release|Any CPU
		{A5E0D95B-4849-42E6-A897-1552A6C8D120}.Debug|Any CPU.ActiveCfg = Debug|Any CPU
		{A5E0D95B-4849-42E6-A897-1552A6C8D120}.Debug|Any CPU.Build.0 = Debug|Any CPU
		{A5E0D95B-4849-42E6-A897-1552A6C8D120}.Release|Any CPU.ActiveCfg = Release|Any CPU
		{A5E0D95B-4849-42E6-A897-1552A6C8D120}.Release|Any CPU.Build.0 = Release|Any CPU
	EndGlobalSection
	GlobalSection(SolutionProperties) = preSolution
		HideSolutionNode = FALSE
	EndGlobalSection
	GlobalSection(ExtensibilityGlobals) = postSolution
		SolutionGuid = {EC0C4F50-8200-4AF5-AD94-A1D203E9E9A5}
	EndGlobalSection
EndGlobal
